
Microsoft Visual Studio Solution File, Format Version 12.00
# Visual Studio 15
VisualStudioVersion = 15.0.27428.2043
MinimumVisualStudioVersion = 10.0.40219.1
Project("{FAE04EC0-301F-11D3-BF4B-00C04F79EFBC}") = "Controller", "Controller\Controller.csproj", "{9156856F-89FD-4883-BC12-74E74C54D915}"
EndProject
Global
	GlobalSection(SolutionConfigurationPlatforms) = preSolution
		Debug|Any CPU = Debug|Any CPU
		Release|Any CPU = Release|Any CPU
	EndGlobalSection
	GlobalSection(ProjectConfigurationPlatforms) = postSolution
		{9156856F-89FD-4883-BC12-74E74C54D915}.Debug|Any CPU.ActiveCfg = Debug|Any CPU
		{9156856F-89FD-4883-BC12-74E74C54D915}.Debug|Any CPU.Build.0 = Debug|Any CPU
		{9156856F-89FD-4883-BC12-74E74C54D915}.Release|Any CPU.ActiveCfg = Release|Any CPU
		{9156856F-89FD-4883-BC12-74E74C54D915}.Release|Any CPU.Build.0 = Release|Any CPU
	EndGlobalSection
	GlobalSection(SolutionProperties) = preSolution
		HideSolutionNode = FALSE
	EndGlobalSection
	GlobalSection(ExtensibilityGlobals) = postSolution
		SolutionGuid = {939D74B6-ABCF-459F-AD61-157C65EF6CE6}
	EndGlobalSection
EndGlobal
